
Microsoft Visual Studio Solution File, Format Version 12.00
# Visual Studio Version 17
VisualStudioVersion = 17.5.33502.453
MinimumVisualStudioVersion = 10.0.40219.1
Project("{FAE04EC0-301F-11D3-BF4B-00C04F79EFBC}") = "MagicVilla_API", "MagicVilla_API\MagicVilla_API.csproj", "{592B3F16-B68E-47B9-AF58-B9F8263442AD}"
EndProject
Global
	GlobalSection(SolutionConfigurationPlatforms) = preSolution
		Debug|Any CPU = Debug|Any CPU
		Release|Any CPU = Release|Any CPU
	EndGlobalSection
	GlobalSection(ProjectConfigurationPlatforms) = postSolution
		{592B3F16-B68E-47B9-AF58-B9F8263442AD}.Debug|Any CPU.ActiveCfg = Debug|Any CPU
		{592B3F16-B68E-47B9-AF58-B9F8263442AD}.Debug|Any CPU.Build.0 = Debug|Any CPU
		{592B3F16-B68E-47B9-AF58-B9F8263442AD}.Release|Any CPU.ActiveCfg = Release|Any CPU
		{592B3F16-B68E-47B9-AF58-B9F8263442AD}.Release|Any CPU.Build.0 = Release|Any CPU
	EndGlobalSection
	GlobalSection(SolutionProperties) = preSolution
		HideSolutionNode = FALSE
	EndGlobalSection
	GlobalSection(ExtensibilityGlobals) = postSolution
		SolutionGuid = {7D8B2B43-D806-408C-BDB9-588061EE4717}
	EndGlobalSection
EndGlobal
